
Microsoft Visual Studio Solution File, Format Version 12.00
# Visual Studio 15
VisualStudioVersion = 15.0.28307.539
MinimumVisualStudioVersion = 10.0.40219.1
Project("{FAE04EC0-301F-11D3-BF4B-00C04F79EFBC}") = "13AShopCart", "13AShopCart\13AShopCart.csproj", "{D73E5C9A-996C-47C3-87DB-F0F1B890E266}"
EndProject
Global
	GlobalSection(SolutionConfigurationPlatforms) = preSolution
		Debug|Any CPU = Debug|Any CPU
		Release|Any CPU = Release|Any CPU
	EndGlobalSection
	GlobalSection(ProjectConfigurationPlatforms) = postSolution
		{D73E5C9A-996C-47C3-87DB-F0F1B890E266}.Debug|Any CPU.ActiveCfg = Debug|Any CPU
		{D73E5C9A-996C-47C3-87DB-F0F1B890E266}.Debug|Any CPU.Build.0 = Debug|Any CPU
		{D73E5C9A-996C-47C3-87DB-F0F1B890E266}.Release|Any CPU.ActiveCfg = Release|Any CPU
		{D73E5C9A-996C-47C3-87DB-F0F1B890E266}.Release|Any CPU.Build.0 = Release|Any CPU
	EndGlobalSection
	GlobalSection(SolutionProperties) = preSolution
		HideSolutionNode = FALSE
	EndGlobalSection
	GlobalSection(ExtensibilityGlobals) = postSolution
		SolutionGuid = {8226CAEB-B24B-4944-A59C-0DF3F1A77202}
	EndGlobalSection
EndGlobal
